GEM
  remote: https://rubygems.org/
  specs:
    Ascii85 (2.0.1)
    action_text-trix (2.1.16)
      railties
    actioncable (8.1.2)
      actionpack (= 8.1.2)
      activesupport (= 8.1.2)
      nio4r (~> 2.0)
      websocket-driver (>= 0.6.1)
      zeitwerk (~> 2.6)
    actionmailbox (8.1.2)
      actionpack (= 8.1.2)
      activejob (= 8.1.2)
      activerecord (= 8.1.2)
      activestorage (= 8.1.2)
      activesupport (= 8.1.2)
      mail (>= 2.8.0)
    actionmailer (8.1.2)
      actionpack (= 8.1.2)
      actionview (= 8.1.2)
      activejob (= 8.1.2)
      activesupport (= 8.1.2)
      mail (>= 2.8.0)
      rails-dom-testing (~> 2.2)
    actionpack (8.1.2)
      actionview (= 8.1.2)
      activesupport (= 8.1.2)
      nokogiri (>= 1.8.5)
      rack (>= 2.2.4)
      rack-session (>= 1.0.1)
      rack-test (>= 0.6.3)
      rails-dom-testing (~> 2.2)
      rails-html-sanitizer (~> 1.6)
      useragent (~> 0.16)
    actiontext (8.1.2)
      action_text-trix (~> 2.1.15)
      actionpack (= 8.1.2)
      activerecord (= 8.1.2)
      activestorage (= 8.1.2)
      activesupport (= 8.1.2)
      globalid (>= 0.6.0)
      nokogiri (>= 1.8.5)
    actionview (8.1.2)
      activesupport (= 8.1.2)
      builder (~> 3.1)
      erubi (~> 1.11)
      rails-dom-testing (~> 2.2)
      rails-html-sanitizer (~> 1.6)
    activejob (8.1.2)
      activesupport (= 8.1.2)
      globalid (>= 0.3.6)
    activemodel (8.1.2)
      activesupport (= 8.1.2)
    activerecord (8.1.2)
      activemodel (= 8.1.2)
      activesupport (= 8.1.2)
      timeout (>= 0.4.0)
    activestorage (8.1.2)
      actionpack (= 8.1.2)
      activejob (= 8.1.2)
      activerecord (= 8.1.2)
      activesupport (= 8.1.2)
      marcel (~> 1.0)
    activesupport (8.1.2)
      base64
      bigdecimal
      concurrent-ruby (~> 1.0, >= 1.3.1)
      connection_pool (>= 2.2.5)
      drb
      i18n (>= 1.6, < 2)
      json
      logger (>= 1.4.2)
      minitest (>= 5.1)
      securerandom (>= 0.3)
      tzinfo (~> 2.0, >= 2.0.5)
      uri (>= 0.13.1)
    addressable (2.8.8)
      public_suffix (>= 2.0.2, < 8.0)
    afm (1.0.0)
    android_key_attestation (0.3.0)
    annotaterb (4.22.0)
      activerecord (>= 6.0.0)
      activesupport (>= 6.0.0)
    ast (2.4.3)
    base64 (0.3.0)
    benchmark (0.5.0)
    better_errors (2.10.1)
      erubi (>= 1.0.0)
      rack (>= 0.9.0)
      rouge (>= 1.0.0)
    bigdecimal (4.0.1)
    bindata (2.5.1)
    bindex (0.8.1)
    binding_of_caller (2.0.0)
      debug_inspector (>= 1.2.0)
    bootsnap (1.23.0)
      msgpack (~> 1.2)
    builder (3.3.0)
    capybara (3.40.0)
      addressable
      matrix
      mini_mime (>= 0.1.3)
      nokogiri (~> 1.11)
      rack (>= 1.6.0)
      rack-test (>= 0.6.3)
      regexp_parser (>= 1.5, < 3.0)
      xpath (~> 3.2)
    cbor (0.5.10.1)
    cloudflare-rails (7.0.0)
      actionpack (>= 7.2.0, < 8.2.0)
      activesupport (>= 7.2.0, < 8.2.0)
      railties (>= 7.2.0, < 8.2.0)
      zeitwerk (>= 2.5.0)
    coderay (1.1.3)
    concurrent-ruby (1.3.6)
    connection_pool (3.0.2)
    cose (1.3.1)
      cbor (~> 0.5.9)
      openssl-signature_algorithm (~> 1.0)
    crass (1.0.6)
    csv (3.3.5)
    date (3.5.1)
    debug (1.11.1)
      irb (~> 1.10)
      reline (>= 0.3.8)
    debug_inspector (1.2.0)
    declarative (0.0.20)
    diff-lcs (1.6.2)
    digest-crc (0.7.0)
      rake (>= 12.0.0, < 14.0.0)
    docile (1.4.1)
    dotenv (3.2.0)
    drb (2.2.3)
    dry-cli (1.4.1)
    erb (6.0.2)
    erubi (1.13.1)
    et-orbi (1.4.0)
      tzinfo
    factory_bot (6.5.6)
      activesupport (>= 6.1.0)
    factory_bot_rails (6.5.1)
      factory_bot (~> 6.5)
      railties (>= 6.1.0)
    faker (3.6.0)
      i18n (>= 1.8.11, < 2)
    faraday (2.14.1)
      faraday-net_http (>= 2.0, < 3.5)
      json
      logger
    faraday-follow_redirects (0.5.0)
      faraday (>= 1, < 3)
    faraday-net_http (3.4.2)
      net-http (~> 0.5)
    fugit (1.12.1)
      et-orbi (~> 1.4)
      raabro (~> 1.4)
    geocoder (1.8.6)
      base64 (>= 0.1.0)
      csv (>= 3.0.0)
    globalid (1.3.0)
      activesupport (>= 6.1)
    google-apis-core (1.0.2)
      addressable (~> 2.8, >= 2.8.7)
      faraday (~> 2.13)
      faraday-follow_redirects (~> 0.3)
      googleauth (~> 1.14)
      mini_mime (~> 1.1)
      representable (~> 3.0)
      retriable (~> 3.1)
    google-apis-iamcredentials_v1 (0.26.0)
      google-apis-core (>= 0.15.0, < 2.a)
    google-apis-storage_v1 (0.61.0)
      google-apis-core (>= 0.15.0, < 2.a)
    google-cloud-core (1.8.0)
      google-cloud-env (>= 1.0, < 3.a)
      google-cloud-errors (~> 1.0)
    google-cloud-env (2.3.1)
      base64 (~> 0.2)
      faraday (>= 1.0, < 3.a)
    google-cloud-errors (1.5.0)
    google-cloud-storage (1.58.0)
      addressable (~> 2.8)
      digest-crc (~> 0.4)
      google-apis-core (>= 0.18, < 2)
      google-apis-iamcredentials_v1 (~> 0.18)
      google-apis-storage_v1 (>= 0.42)
      google-cloud-core (~> 1.6)
      googleauth (~> 1.9)
      mini_mime (~> 1.0)
    google-logging-utils (0.2.0)
    googleauth (1.16.2)
      faraday (>= 1.0, < 3.a)
      google-cloud-env (~> 2.2)
      google-logging-utils (~> 0.1)
      jwt (>= 1.4, < 4.0)
      multi_json (~> 1.11)
      os (>= 0.9, < 2.0)
      signet (>= 0.16, < 2.a)
    haml (7.2.0)
      temple (>= 0.8.2)
      thor
      tilt
    hashery (2.1.2)
    i18n (1.14.8)
      concurrent-ruby (~> 1.0)
    inertia_rails (3.17.0)
      railties (>= 6)
    io-console (0.8.2)
    irb (1.17.0)
      pp (>= 0.6.0)
      prism (>= 1.3.0)
      rdoc (>= 4.0.0)
      reline (>= 0.4.2)
    jbuilder (2.14.1)
      actionview (>= 7.0.0)
      activesupport (>= 7.0.0)
    json (2.18.1)
    json-schema (6.1.0)
      addressable (~> 2.8)
      bigdecimal (>= 3.1, < 5)
    jwt (3.1.2)
      base64
    language_server-protocol (3.17.0.5)
    lint_roller (1.1.0)
    logger (1.7.0)
    lograge (0.14.0)
      actionpack (>= 4)
      activesupport (>= 4)
      railties (>= 4)
      request_store (~> 1.0)
    loofah (2.25.0)
      crass (~> 1.0.2)
      nokogiri (>= 1.12.0)
    mail (2.9.0)
      logger
      mini_mime (>= 0.1.1)
      net-imap
      net-pop
      net-smtp
    marcel (1.1.0)
    matrix (0.4.3)
    mcp (0.7.1)
      json-schema (>= 4.1)
    method_source (1.1.0)
    mini_mime (1.1.5)
    mini_portile2 (2.8.9)
    minitest (6.0.2)
      drb (~> 2.0)
      prism (~> 1.5)
    msgpack (1.8.0)
    multi_json (1.19.1)
    mutex_m (0.3.0)
    net-http (0.9.1)
      uri (>= 0.11.1)
    net-imap (0.6.3)
      date
      net-protocol
    net-pop (0.1.2)
      net-protocol
    net-protocol (0.2.2)
      timeout
    net-smtp (0.5.1)
      net-protocol
    netrc (0.11.0)
    newrelic_rpm (10.2.0)
      logger
    nio4r (2.7.5)
    nokogiri (1.19.1-aarch64-linux-gnu)
      racc (~> 1.4)
    nokogiri (1.19.1-aarch64-linux-musl)
      racc (~> 1.4)
    nokogiri (1.19.1-arm64-darwin)
      racc (~> 1.4)
    nokogiri (1.19.1-x86_64-darwin)
      racc (~> 1.4)
    nokogiri (1.19.1-x86_64-linux-gnu)
      racc (~> 1.4)
    nokogiri (1.19.1-x86_64-linux-musl)
      racc (~> 1.4)
    openssl (4.0.1)
    openssl-signature_algorithm (1.3.0)
      openssl (> 2.0)
    os (1.1.4)
    parallel (1.27.0)
    parser (3.3.10.2)
      ast (~> 2.4.1)
      racc
    pdf-reader (2.15.1)
      Ascii85 (>= 1.0, < 3.0, != 2.0.0)
      afm (>= 0.2.1, < 2)
      hashery (~> 2.0)
      ruby-rc4
      ttfunk
    pp (0.6.3)
      prettyprint
    prettier_print (1.2.1)
    prettyprint (0.2.0)
    prism (1.9.0)
    pry (0.16.0)
      coderay (~> 1.1)
      method_source (~> 1.0)
      reline (>= 0.6.0)
    psych (5.3.1)
      date
      stringio
    public_suffix (7.0.2)
    puma (7.2.0)
      nio4r (~> 2.0)
    raabro (1.4.0)
    racc (1.8.1)
    rack (3.2.5)
    rack-proxy (0.7.7)
      rack
    rack-session (2.1.1)
      base64 (>= 0.1.0)
      rack (>= 3.0.0)
    rack-test (2.2.0)
      rack (>= 1.3)
    rackup (2.3.1)
      rack (>= 3)
    rails (8.1.2)
      actioncable (= 8.1.2)
      actionmailbox (= 8.1.2)
      actionmailer (= 8.1.2)
      actionpack (= 8.1.2)
      actiontext (= 8.1.2)
      actionview (= 8.1.2)
      activejob (= 8.1.2)
      activemodel (= 8.1.2)
      activerecord (= 8.1.2)
      activestorage (= 8.1.2)
      activesupport (= 8.1.2)
      bundler (>= 1.15.0)
      railties (= 8.1.2)
    rails-dom-testing (2.3.0)
      activesupport (>= 5.0.0)
      minitest
      nokogiri (>= 1.6)
    rails-html-sanitizer (1.7.0)
      loofah (~> 2.25)
      nokogiri (>= 1.15.7, != 1.16.7, != 1.16.6, != 1.16.5, != 1.16.4, != 1.16.3, != 1.16.2, != 1.16.1, != 1.16.0.rc1, != 1.16.0)
    railties (8.1.2)
      actionpack (= 8.1.2)
      activesupport (= 8.1.2)
      irb (~> 1.13)
      rackup (>= 1.0.0)
      rake (>= 12.2)
      thor (~> 1.0, >= 1.2.2)
      tsort (>= 0.2)
      zeitwerk (~> 2.6)
    rainbow (3.1.1)
    rake (13.3.1)
    rbi (0.3.9)
      prism (~> 1.0)
      rbs (>= 3.4.4)
    rbs (4.0.0.dev.5)
      logger
      prism (>= 1.3.0)
      tsort
    rdoc (7.2.0)
      erb
      psych (>= 4.0.0)
      tsort
    redis (5.4.1)
      redis-client (>= 0.22.0)
    redis-client (0.26.4)
      connection_pool
    regexp_parser (2.11.3)
    reline (0.6.3)
      io-console (~> 0.5)
    representable (3.2.0)
      declarative (< 0.1.0)
      trailblazer-option (>= 0.1.1, < 0.2.0)
      uber (< 0.2.0)
    request_store (1.7.0)
      rack (>= 1.4)
    require-hooks (0.2.3)
    retriable (3.2.1)
    rexml (3.4.4)
    rgeo (3.1.0)
    rgeo-geojson (2.2.0)
      multi_json (~> 1.15)
      rgeo (>= 1.0.0)
    rouge (4.7.0)
    rspec-core (3.13.6)
      rspec-support (~> 3.13.0)
    rspec-expectations (3.13.5)
      diff-lcs (>= 1.2.0, < 2.0)
      rspec-support (~> 3.13.0)
    rspec-mocks (3.13.7)
      diff-lcs (>= 1.2.0, < 2.0)
      rspec-support (~> 3.13.0)
    rspec-rails (8.0.3)
      actionpack (>= 7.2)
      activesupport (>= 7.2)
      railties (>= 7.2)
      rspec-core (~> 3.13)
      rspec-expectations (~> 3.13)
      rspec-mocks (~> 3.13)
      rspec-support (~> 3.13)
    rspec-sorbet (1.9.2)
      sorbet-runtime
    rspec-support (3.13.7)
    rubocop (1.85.0)
      json (~> 2.3)
      language_server-protocol (~> 3.17.0.2)
      lint_roller (~> 1.1.0)
      mcp (~> 0.6)
      parallel (~> 1.10)
      parser (>= 3.3.0.2)
      rainbow (>= 2.2.2, < 4.0)
      regexp_parser (>= 2.9.3, < 3.0)
      rubocop-ast (>= 1.49.0, < 2.0)
      ruby-progressbar (~> 1.7)
      unicode-display_width (>= 2.4.0, < 4.0)
    rubocop-ast (1.49.0)
      parser (>= 3.3.7.2)
      prism (~> 1.7)
    rubocop-factory_bot (2.28.0)
      lint_roller (~> 1.1)
      rubocop (~> 1.72, >= 1.72.1)
    rubocop-performance (1.26.1)
      lint_roller (~> 1.1)
      rubocop (>= 1.75.0, < 2.0)
      rubocop-ast (>= 1.47.1, < 2.0)
    rubocop-rails (2.34.3)
      activesupport (>= 4.2.0)
      lint_roller (~> 1.1)
      rack (>= 1.1)
      rubocop (>= 1.75.0, < 2.0)
      rubocop-ast (>= 1.44.0, < 2.0)
    rubocop-rspec (3.9.0)
      lint_roller (~> 1.1)
      rubocop (~> 1.81)
    rubocop-shopify (2.18.0)
      rubocop (~> 1.62)
    rubocop-thread_safety (0.7.3)
      lint_roller (~> 1.1)
      rubocop (~> 1.72, >= 1.72.1)
      rubocop-ast (>= 1.44.0, < 2.0)
    ruby-progressbar (1.13.0)
    ruby-rc4 (0.1.5)
    rubyzip (3.2.2)
    safety_net_attestation (0.5.0)
      jwt (>= 2.0, < 4.0)
    securerandom (0.4.1)
    selenium-webdriver (4.41.0)
      base64 (~> 0.2)
      logger (~> 1.4)
      rexml (~> 3.2, >= 3.2.5)
      rubyzip (>= 1.2.2, < 4.0)
      websocket (~> 1.0)
    sentry-rails (6.4.0)
      railties (>= 5.2.0)
      sentry-ruby (~> 6.4.0)
    sentry-ruby (6.4.0)
      bigdecimal
      concurrent-ruby (~> 1.0, >= 1.0.2)
      logger
    shortener (1.0.2)
      voight_kampff (~> 2.0)
    signet (0.21.0)
      addressable (~> 2.8)
      faraday (>= 0.17.5, < 3.a)
      jwt (>= 1.5, < 4.0)
      multi_json (~> 1.10)
    simplecov (0.22.0)
      docile (~> 1.1)
      simplecov-html (~> 0.11)
      simplecov_json_formatter (~> 0.1)
    simplecov-html (0.13.2)
    simplecov_json_formatter (0.1.4)
    solid_queue (1.3.2)
      activejob (>= 7.1)
      activerecord (>= 7.1)
      concurrent-ruby (>= 1.3.1)
      fugit (~> 1.11)
      railties (>= 7.1)
      thor (>= 1.3.1)
    sorbet (0.6.12966)
      sorbet-static (= 0.6.12966)
    sorbet-runtime (0.6.12966)
    sorbet-static (0.6.12966-aarch64-linux)
    sorbet-static (0.6.12966-universal-darwin)
    sorbet-static (0.6.12966-x86_64-linux)
    sorbet-static-and-runtime (0.6.12966)
      sorbet (= 0.6.12966)
      sorbet-runtime (= 0.6.12966)
    spoom (1.7.11)
      erubi (>= 1.10.0)
      prism (>= 0.28.0)
      rbi (>= 0.3.3)
      rbs (>= 4.0.0.dev.4)
      rexml (>= 3.2.6)
      sorbet-static-and-runtime (>= 0.5.10187)
      thor (>= 0.19.2)
    sprockets (4.2.2)
      concurrent-ruby (~> 1.0)
      logger
      rack (>= 2.2.4, < 4)
    sprockets-rails (3.5.2)
      actionpack (>= 6.1)
      activesupport (>= 6.1)
      sprockets (>= 3.0.0)
    sqlite3 (2.9.0)
      mini_portile2 (~> 2.8.0)
    stackprof (0.2.28)
    state_machines (0.100.4)
    state_machines-activemodel (0.101.0)
      activemodel (>= 7.2)
      state_machines (>= 0.100.4)
    state_machines-activerecord (0.100.0)
      activerecord (>= 7.2)
      state_machines-activemodel (>= 0.100.0)
    stringio (3.2.0)
    syntax_tree (6.3.0)
      prettier_print (>= 1.2.0)
    syntax_tree-haml (4.0.3)
      haml (>= 5.2)
      prettier_print (>= 1.2.1)
      syntax_tree (>= 6.0.0)
    syntax_tree-rbs (1.0.0)
      prettier_print
      rbs
      syntax_tree (>= 2.0.1)
    tapioca (0.17.10)
      benchmark
      bundler (>= 2.2.25)
      netrc (>= 0.11.0)
      parallel (>= 1.21.0)
      rbi (>= 0.3.7)
      require-hooks (>= 0.2.2)
      sorbet-static-and-runtime (>= 0.5.11087)
      spoom (>= 1.7.9)
      thor (>= 1.2.0)
      yard-sorbet
    temple (0.10.4)
    thor (1.5.0)
    tilt (2.7.0)
    timeout (0.6.0)
    tpm-key_attestation (0.14.1)
      bindata (~> 2.4)
      openssl (> 2.0)
      openssl-signature_algorithm (~> 1.0)
    trailblazer-option (0.1.2)
    tsort (0.2.0)
    ttfunk (1.7.0)
    twilio-ruby (7.10.1)
      faraday (>= 0.9, < 3.0)
      jwt (>= 1.5, < 4.0)
      nokogiri (>= 1.6, < 2.0)
    tzinfo (2.0.6)
      concurrent-ruby (~> 1.0)
    uber (0.1.0)
    unicode-display_width (3.2.0)
      unicode-emoji (~> 4.1)
    unicode-emoji (4.2.0)
    uri (1.1.1)
    useragent (0.16.11)
    vite_rails (3.0.20)
      railties (>= 5.1, < 9)
      vite_ruby (~> 3.0, >= 3.2.2)
    vite_ruby (3.9.3)
      dry-cli (>= 0.7, < 2)
      logger (~> 1.6)
      mutex_m
      rack-proxy (~> 0.6, >= 0.6.1)
      zeitwerk (~> 2.2)
    voight_kampff (2.0.0)
      rack (>= 1.4)
    web-console (4.3.0)
      actionview (>= 8.0.0)
      bindex (>= 0.4.0)
      railties (>= 8.0.0)
    web-push (3.1.0)
      jwt (~> 3.0)
      openssl (>= 3.0)
    webauthn (3.4.3)
      android_key_attestation (~> 0.3.0)
      bindata (~> 2.4)
      cbor (~> 0.5.9)
      cose (~> 1.1)
      openssl (>= 2.2)
      safety_net_attestation (~> 0.5.0)
      tpm-key_attestation (~> 0.14.0)
    websocket (1.2.11)
    websocket-driver (0.8.0)
      base64
      websocket-extensions (>= 0.1.0)
    websocket-extensions (0.1.5)
    xpath (3.2.0)
      nokogiri (~> 1.8)
    yard (0.9.38)
    yard-sorbet (0.9.0)
      sorbet-runtime
      yard
    zeitwerk (2.7.5)

PLATFORMS
  aarch64-linux
  aarch64-linux-gnu
  aarch64-linux-musl
  arm64-darwin
  universal-darwin
  x86_64-darwin
  x86_64-linux
  x86_64-linux-gnu
  x86_64-linux-musl

DEPENDENCIES
  annotaterb
  better_errors
  binding_of_caller
  bootsnap
  capybara
  cloudflare-rails
  concurrent-ruby
  debug
  dotenv
  factory_bot_rails
  faker
  faraday
  geocoder
  google-cloud-storage
  inertia_rails
  jbuilder
  lograge
  newrelic_rpm
  pdf-reader
  prettier_print
  pry
  puma (>= 5)
  rails (~> 8)
  redis
  rexml
  rgeo
  rgeo-geojson
  rspec-rails (~> 8)
  rspec-sorbet
  rubocop (~> 1.80)
  rubocop-factory_bot
  rubocop-performance
  rubocop-rails
  rubocop-rspec
  rubocop-shopify
  rubocop-thread_safety
  selenium-webdriver
  sentry-rails
  sentry-ruby
  shortener
  simplecov
  solid_queue (~> 1.1)
  sorbet
  sorbet-runtime
  sprockets-rails
  sqlite3 (~> 2)
  stackprof
  state_machines-activerecord
  syntax_tree
  syntax_tree-haml
  syntax_tree-rbs
  tapioca (~> 0.17)
  twilio-ruby (~> 7)
  tzinfo-data
  vite_rails
  web-console
  web-push
  webauthn (~> 3)

CHECKSUMS
  Ascii85 (2.0.1) sha256=15cb5d941808543cbb9e7e6aea3c8ec3877f154c3461e8b3673e97f7ecedbe5a
  action_text-trix (2.1.16) sha256=f645a2c21821b8449fd1d6770708f4031c91a2eedf9ef476e9be93c64e703a8a
  actioncable (8.1.2) sha256=dc31efc34cca9cdefc5c691ddb8b4b214c0ea5cd1372108cbc1377767fb91969
  actionmailbox (8.1.2) sha256=058b2fb1980e5d5a894f675475fcfa45c62631103d5a2596d9610ec81581889b
  actionmailer (8.1.2) sha256=f4c1d2060f653bfe908aa7fdc5a61c0e5279670de992146582f2e36f8b9175e9
  actionpack (8.1.2) sha256=ced74147a1f0daafaa4bab7f677513fd4d3add574c7839958f7b4f1de44f8423
  actiontext (8.1.2) sha256=0bf57da22a9c19d970779c3ce24a56be31b51c7640f2763ec64aa72e358d2d2d
  actionview (8.1.2) sha256=80455b2588911c9b72cec22d240edacb7c150e800ef2234821269b2b2c3e2e5b
  activejob (8.1.2) sha256=908dab3713b101859536375819f4156b07bdf4c232cc645e7538adb9e302f825
  activemodel (8.1.2) sha256=e21358c11ce68aed3f9838b7e464977bc007b4446c6e4059781e1d5c03bcf33e
  activerecord (8.1.2) sha256=acfbe0cadfcc50fa208011fe6f4eb01cae682ebae0ef57145ba45380c74bcc44
  activestorage (8.1.2) sha256=8a63a48c3999caeee26a59441f813f94681fc35cc41aba7ce1f836add04fba76
  activesupport (8.1.2) sha256=88842578ccd0d40f658289b0e8c842acfe9af751afee2e0744a7873f50b6fdae
  addressable (2.8.8) sha256=7c13b8f9536cf6364c03b9d417c19986019e28f7c00ac8132da4eb0fe393b057
  afm (1.0.0) sha256=5bd4d6f6241e7014ef090985ec6f4c3e9745f6de0828ddd58bc1efdd138f4545
  android_key_attestation (0.3.0) sha256=467eb01a99d2bb48ef9cf24cc13712669d7056cba5a52d009554ff037560570b
  annotaterb (4.22.0) sha256=66fc40e5f48d5b82ae82013da1e5b43aaaad41ee9bd3d0cf803048efc0a70286
  ast (2.4.3) sha256=954615157c1d6a382bc27d690d973195e79db7f55e9765ac7c481c60bdb4d383
  base64 (0.3.0) sha256=27337aeabad6ffae05c265c450490628ef3ebd4b67be58257393227588f5a97b
  benchmark (0.5.0) sha256=465df122341aedcb81a2a24b4d3bd19b6c67c1530713fd533f3ff034e419236c
  better_errors (2.10.1) sha256=f798f1bac93f3e775925b7fcb24cffbcf0bb62ee2210f5350f161a6b75fc0a73
  bigdecimal (4.0.1) sha256=8b07d3d065a9f921c80ceaea7c9d4ae596697295b584c296fe599dd0ad01c4a7
  bindata (2.5.1) sha256=53186a1ec2da943d4cb413583d680644eb810aacbf8902497aac8f191fad9e58
  bindex (0.8.1) sha256=7b1ecc9dc539ed8bccfc8cb4d2732046227b09d6f37582ff12e50a5047ceb17e
  binding_of_caller (2.0.0) sha256=e53eebf8428a85587aede7b43a83e7419eb85b8b690938a96aa330d03052d517
  bootsnap (1.23.0) sha256=c1254f458d58558b58be0f8eb8f6eec2821456785b7cdd1e16248e2020d3f214
  builder (3.3.0) sha256=497918d2f9dca528fdca4b88d84e4ef4387256d984b8154e9d5d3fe5a9c8835f
  capybara (3.40.0) sha256=42dba720578ea1ca65fd7a41d163dd368502c191804558f6e0f71b391054aeef
  cbor (0.5.10.1) sha256=79cdf79f18dcd9ee97e0b849c6d573e5a2e3ddc1954d180f384d6ed2612b6df0
  cloudflare-rails (7.0.0) sha256=9049b8305eab120e2d4ed9d04b42ce7030da5297fb62b0fa718b0a9e2d9af56c
  coderay (1.1.3) sha256=dc530018a4684512f8f38143cd2a096c9f02a1fc2459edcfe534787a7fc77d4b
  concurrent-ruby (1.3.6) sha256=6b56837e1e7e5292f9864f34b69c5a2cbc75c0cf5338f1ce9903d10fa762d5ab
  connection_pool (3.0.2) sha256=33fff5ba71a12d2aa26cb72b1db8bba2a1a01823559fb01d29eb74c286e62e0a
  cose (1.3.1) sha256=d5d4dbcd6b035d513edc4e1ab9bc10e9ce13b4011c96e3d1b8fe5e6413fd6de5
  crass (1.0.6) sha256=dc516022a56e7b3b156099abc81b6d2b08ea1ed12676ac7a5657617f012bd45d
  csv (3.3.5) sha256=6e5134ac3383ef728b7f02725d9872934f523cb40b961479f69cf3afa6c8e73f
  date (3.5.1) sha256=750d06384d7b9c15d562c76291407d89e368dda4d4fff957eb94962d325a0dc0
  debug (1.11.1) sha256=2e0b0ac6119f2207a6f8ac7d4a73ca8eb4e440f64da0a3136c30343146e952b6
  debug_inspector (1.2.0) sha256=9bdfa02eebc3da163833e6a89b154084232f5766087e59573b70521c77ea68a2
  declarative (0.0.20) sha256=8021dd6cb17ab2b61233c56903d3f5a259c5cf43c80ff332d447d395b17d9ff9
  diff-lcs (1.6.2) sha256=9ae0d2cba7d4df3075fe8cd8602a8604993efc0dfa934cff568969efb1909962
  digest-crc (0.7.0) sha256=64adc23a26a241044cbe6732477ca1b3c281d79e2240bcff275a37a5a0d78c07
  docile (1.4.1) sha256=96159be799bfa73cdb721b840e9802126e4e03dfc26863db73647204c727f21e
  dotenv (3.2.0) sha256=e375b83121ea7ca4ce20f214740076129ab8514cd81378161f11c03853fe619d
  drb (2.2.3) sha256=0b00d6fdb50995fe4a45dea13663493c841112e4068656854646f418fda13373
  dry-cli (1.4.1) sha256=b8015bb76c708aa8705a36faf694973e75eeeffca39b89c8e172dc6f66a7d874
  erb (6.0.2) sha256=9fe6264d44f79422c87490a1558479bd0e7dad4dd0e317656e67ea3077b5242b
  erubi (1.13.1) sha256=a082103b0885dbc5ecf1172fede897f9ebdb745a4b97a5e8dc63953db1ee4ad9
  et-orbi (1.4.0) sha256=6c7e3c90779821f9e3b324c5e96fda9767f72995d6ae435b96678a4f3e2de8bc
  factory_bot (6.5.6) sha256=12beb373214dccc086a7a63763d6718c49769d5606f0501e0a4442676917e077
  factory_bot_rails (6.5.1) sha256=d3cc4851eae4dea8a665ec4a4516895045e710554d2b5ac9e68b94d351bc6d68
  faker (3.6.0) sha256=4ce80bf91c8d09bbfff4c5596690bf862d60eac420f86737ca8ce12a54dc464a
  faraday (2.14.1) sha256=a43cceedc1e39d188f4d2cdd360a8aaa6a11da0c407052e426ba8d3fb42ef61c
  faraday-follow_redirects (0.5.0) sha256=5cde93c894b30943a5d2b93c2fe9284216a6b756f7af406a1e55f211d97d10ad
  faraday-net_http (3.4.2) sha256=f147758260d3526939bf57ecf911682f94926a3666502e24c69992765875906c
  fugit (1.12.1) sha256=5898f478ede9b415f0804e42b8f3fd53f814bd85eebffceebdbc34e1107aaf68
  geocoder (1.8.6) sha256=e0ca1554b499f466de9b003f7dff70f89a5888761c2ca68ed9f86b6e5e24e74c
  globalid (1.3.0) sha256=05c639ad6eb4594522a0b07983022f04aa7254626ab69445a0e493aa3786ff11
  google-apis-core (1.0.2) sha256=ba4579aaadc902d6cc7bc8db88f566ab00f5e31ea87ab41e9f9a032c470f2629
  google-apis-iamcredentials_v1 (0.26.0) sha256=3ff70a10a1d6cddf2554e95b7c5df2c26afdeaeb64100048a355194da19e48a3
  google-apis-storage_v1 (0.61.0) sha256=b330e599b58e6a01533c189525398d6dbdbaf101ffb0c60145940b57e1c982e8
  google-cloud-core (1.8.0) sha256=e572edcbf189cfcab16590628a516cec3f4f63454b730e59f0b36575120281cf
  google-cloud-env (2.3.1) sha256=0faac01eb27be78c2591d64433663b1a114f8f7af55a4f819755426cac9178e7
  google-cloud-errors (1.5.0) sha256=b56be28b8c10628125214dde571b925cfcebdbc58619e598250c37a2114f7b4b
  google-cloud-storage (1.58.0) sha256=1bedc07a9c75af169e1ede1dd306b9f941f9ffa9e7095d0364c0803c468fdffd
  google-logging-utils (0.2.0) sha256=675462b4ea5affa825a3442694ca2d75d0069455a1d0956127207498fca3df7b
  googleauth (1.16.2) sha256=15009502e2e38af71948cda918f230e27d327f6882a1e47967a5a4664930a638
  haml (7.2.0) sha256=87fd2b71f7feab1724337b090a7d767f5ab2d42f08c974f3ead673f18cfcd55a
  hashery (2.1.2) sha256=d239cc2310401903f6b79d458c2bbef5bf74c46f3f974ae9c1061fb74a404862
  i18n (1.14.8) sha256=285778639134865c5e0f6269e0b818256017e8cde89993fdfcbfb64d088824a5
  inertia_rails (3.17.0) sha256=67d8975904f96fd924ec279eeda0bdeb2958afcc2b6b456123e00b52d617e35c
  io-console (0.8.2) sha256=d6e3ae7a7cc7574f4b8893b4fca2162e57a825b223a177b7afa236c5ef9814cc
  irb (1.17.0) sha256=168c4ddb93d8a361a045c41d92b2952c7a118fa73f23fe14e55609eb7a863aae
  jbuilder (2.14.1) sha256=4eb26376ff60ef100cb4fd6fd7533cd271f9998327e86adf20fd8c0e69fabb42
  json (2.18.1) sha256=fe112755501b8d0466b5ada6cf50c8c3f41e897fa128ac5d263ec09eedc9f986
  json-schema (6.1.0) sha256=6bf70a2cfb6dfd5a06da28093fa8190f324c88eabd36a7f47097f227321dc702
  jwt (3.1.2) sha256=af6991f19a6bb4060d618d9add7a66f0eeb005ac0bc017cd01f63b42e122d535
  language_server-protocol (3.17.0.5) sha256=fd1e39a51a28bf3eec959379985a72e296e9f9acfce46f6a79d31ca8760803cc
  lint_roller (1.1.0) sha256=2c0c845b632a7d172cb849cc90c1bce937a28c5c8ccccb50dfd46a485003cc87
  logger (1.7.0) sha256=196edec7cc44b66cfb40f9755ce11b392f21f7967696af15d274dde7edff0203
  lograge (0.14.0) sha256=42371a75823775f166f727639f5ddce73dd149452a55fc94b90c303213dc9ae1
  loofah (2.25.0) sha256=df5ed7ac3bac6a4ec802df3877ee5cc86d027299f8952e6243b3dac446b060e6
  mail (2.9.0) sha256=6fa6673ecd71c60c2d996260f9ee3dd387d4673b8169b502134659ece6d34941
  marcel (1.1.0) sha256=fdcfcfa33cc52e93c4308d40e4090a5d4ea279e160a7f6af988260fa970e0bee
  matrix (0.4.3) sha256=a0d5ab7ddcc1973ff690ab361b67f359acbb16958d1dc072b8b956a286564c5b
  mcp (0.7.1) sha256=fa967895d6952bad0d981ea907731d8528d2c246d2079d56a9c8bae83d14f1c7
  method_source (1.1.0) sha256=181301c9c45b731b4769bc81e8860e72f9161ad7d66dd99103c9ab84f560f5c5
  mini_mime (1.1.5) sha256=8681b7e2e4215f2a159f9400b5816d85e9d8c6c6b491e96a12797e798f8bccef
  mini_portile2 (2.8.9) sha256=0cd7c7f824e010c072e33f68bc02d85a00aeb6fce05bb4819c03dfd3c140c289
  minitest (6.0.2) sha256=db6e57956f6ecc6134683b4c87467d6dd792323c7f0eea7b93f66bd284adbc3d
  msgpack (1.8.0) sha256=e64ce0212000d016809f5048b48eb3a65ffb169db22238fb4b72472fecb2d732
  multi_json (1.19.1) sha256=7aefeff8f2c854bf739931a238e4aea64592845e0c0395c8a7d2eea7fdd631b7
  mutex_m (0.3.0) sha256=cfcb04ac16b69c4813777022fdceda24e9f798e48092a2b817eb4c0a782b0751
  net-http (0.9.1) sha256=25ba0b67c63e89df626ed8fac771d0ad24ad151a858af2cc8e6a716ca4336996
  net-imap (0.6.3) sha256=9bab75f876596d09ee7bf911a291da478e0cd6badc54dfb82874855ccc82f2ad
  net-pop (0.1.2) sha256=848b4e982013c15b2f0382792268763b748cce91c9e91e36b0f27ed26420dff3
  net-protocol (0.2.2) sha256=aa73e0cba6a125369de9837b8d8ef82a61849360eba0521900e2c3713aa162a8
  net-smtp (0.5.1) sha256=ed96a0af63c524fceb4b29b0d352195c30d82dd916a42f03c62a3a70e5b70736
  netrc (0.11.0) sha256=de1ce33da8c99ab1d97871726cba75151113f117146becbe45aa85cb3dabee3f
  newrelic_rpm (10.2.0) sha256=5a648409df7c8d44d7dd9307edafac6bd726ea43144a2de80162f1145209bbfe
  nio4r (2.7.5) sha256=6c90168e48fb5f8e768419c93abb94ba2b892a1d0602cb06eef16d8b7df1dca1
  nokogiri (1.19.1-aarch64-linux-gnu) sha256=cfdb0eafd9a554a88f12ebcc688d2b9005f9fce42b00b970e3dc199587b27f32
  nokogiri (1.19.1-aarch64-linux-musl) sha256=1e2150ab43c3b373aba76cd1190af7b9e92103564063e48c474f7600923620b5
  nokogiri (1.19.1-arm64-darwin) sha256=dfe2d337e6700eac47290407c289d56bcf85805d128c1b5a6434ddb79731cb9e
  nokogiri (1.19.1-x86_64-darwin) sha256=7093896778cc03efb74b85f915a775862730e887f2e58d6921e3fa3d981e68bf
  nokogiri (1.19.1-x86_64-linux-gnu) sha256=1a4902842a186b4f901078e692d12257678e6133858d0566152fe29cdb98456a
  nokogiri (1.19.1-x86_64-linux-musl) sha256=4267f38ad4fc7e52a2e7ee28ed494e8f9d8eb4f4b3320901d55981c7b995fc23
  openssl (4.0.1) sha256=e27974136b7b02894a1bce46c5397ee889afafe704a839446b54dc81cb9c5f7d
  openssl-signature_algorithm (1.3.0) sha256=a3b40b5e8276162d4a6e50c7c97cdaf1446f9b2c3946a6fa2c14628e0c957e80
  os (1.1.4) sha256=57816d6a334e7bd6aed048f4b0308226c5fb027433b67d90a9ab435f35108d3f
  parallel (1.27.0) sha256=4ac151e1806b755fb4e2dc2332cbf0e54f2e24ba821ff2d3dcf86bf6dc4ae130
  parser (3.3.10.2) sha256=6f60c84aa4bdcedb6d1a2434b738fe8a8136807b6adc8f7f53b97da9bc4e9357
  pdf-reader (2.15.1) sha256=18c6a986a84a3117fa49f4279fc2de51f5d2399b71833df5d2bccd595c7068ce
  pp (0.6.3) sha256=2951d514450b93ccfeb1df7d021cae0da16e0a7f95ee1e2273719669d0ab9df6
  prettier_print (1.2.1) sha256=a72838b5f23facff21f90a5423cdcdda19e4271092b41f4ea7f50b83929e6ff9
  prettyprint (0.2.0) sha256=2bc9e15581a94742064a3cc8b0fb9d45aae3d03a1baa6ef80922627a0766f193
  prism (1.9.0) sha256=7b530c6a9f92c24300014919c9dcbc055bf4cdf51ec30aed099b06cd6674ef85
  pry (0.16.0) sha256=d76c69065698ed1f85e717bd33d7942c38a50868f6b0673c636192b3d1b6054e
  psych (5.3.1) sha256=eb7a57cef10c9d70173ff74e739d843ac3b2c019a003de48447b2963d81b1974
  public_suffix (7.0.2) sha256=9114090c8e4e7135c1fd0e7acfea33afaab38101884320c65aaa0ffb8e26a857
  puma (7.2.0) sha256=bf8ef4ab514a4e6d4554cb4326b2004eba5036ae05cf765cfe51aba9706a72a8
  raabro (1.4.0) sha256=d4fa9ff5172391edb92b242eed8be802d1934b1464061ae5e70d80962c5da882
  racc (1.8.1) sha256=4a7f6929691dbec8b5209a0b373bc2614882b55fc5d2e447a21aaa691303d62f
  rack (3.2.5) sha256=4cbd0974c0b79f7a139b4812004a62e4c60b145cba76422e288ee670601ed6d3
  rack-proxy (0.7.7) sha256=446a4b57001022145d5c3ba73b775f66a2260eaf7420c6907483141900395c8a
  rack-session (2.1.1) sha256=0b6dc07dea7e4b583f58a48e8b806d4c9f1c6c9214ebc202ec94562cbea2e4e9
  rack-test (2.2.0) sha256=005a36692c306ac0b4a9350355ee080fd09ddef1148a5f8b2ac636c720f5c463
  rackup (2.3.1) sha256=6c79c26753778e90983761d677a48937ee3192b3ffef6bc963c0950f94688868
  rails (8.1.2) sha256=5069061b23dfa8706b9f0159ae8b9d35727359103178a26962b868a680ba7d95
  rails-dom-testing (2.3.0) sha256=8acc7953a7b911ca44588bf08737bc16719f431a1cc3091a292bca7317925c1d
  rails-html-sanitizer (1.7.0) sha256=28b145cceaf9cc214a9874feaa183c3acba036c9592b19886e0e45efc62b1e89
  railties (8.1.2) sha256=1289ece76b4f7668fc46d07e55cc992b5b8751f2ad85548b7da351b8c59f8055
  rainbow (3.1.1) sha256=039491aa3a89f42efa1d6dec2fc4e62ede96eb6acd95e52f1ad581182b79bc6a
  rake (13.3.1) sha256=8c9e89d09f66a26a01264e7e3480ec0607f0c497a861ef16063604b1b08eb19c
  rbi (0.3.9) sha256=d6a187bd0b376e999d3d82a5e5798a61178be98b894b7b35741c14162c9ea015
  rbs (4.0.0.dev.5) sha256=273938e5a9c7f06b041be583588f2aa1976149bda2ce213e33e129c51534e174
  rdoc (7.2.0) sha256=8650f76cd4009c3b54955eb5d7e3a075c60a57276766ebf36f9085e8c9f23192
  redis (5.4.1) sha256=b5e675b57ad22b15c9bcc765d5ac26f60b675408af916d31527af9bd5a81faae
  redis-client (0.26.4) sha256=3ad70beff5da2653e02dfeae996e7d8d7147a558da12b16b2282ad345e4c7120
  regexp_parser (2.11.3) sha256=ca13f381a173b7a93450e53459075c9b76a10433caadcb2f1180f2c741fc55a4
  reline (0.6.3) sha256=1198b04973565b36ec0f11542ab3f5cfeeec34823f4e54cebde90968092b1835
  representable (3.2.0) sha256=cc29bf7eebc31653586849371a43ffe36c60b54b0a6365b5f7d95ec34d1ebace
  request_store (1.7.0) sha256=e1b75d5346a315f452242a68c937ef8e48b215b9453a77a6c0acdca2934c88cb
  require-hooks (0.2.3) sha256=224be5b4be0fd2a47cb73286c500da366704a54ec195b6627366380c950efac8
  retriable (3.2.1) sha256=26e87a33391fae4c382d4750f1e135e4dda7e5aa32b6b71f1992265981f9b991
  rexml (3.4.4) sha256=19e0a2c3425dfbf2d4fc1189747bdb2f849b6c5e74180401b15734bc97b5d142
  rgeo (3.1.0) sha256=89c1804894b35acf65891e1f24e15bbf2fbd972d4183e63c444bb97c1ccaf5d5
  rgeo-geojson (2.2.0) sha256=ceed2ce1bd4c43efe9fcc494c6fec8708ec1438073425e5805d2c27fb671b210
  rouge (4.7.0) sha256=dba5896715c0325c362e895460a6d350803dbf6427454f49a47500f3193ea739
  rspec-core (3.13.6) sha256=a8823c6411667b60a8bca135364351dda34cd55e44ff94c4be4633b37d828b2d
  rspec-expectations (3.13.5) sha256=33a4d3a1d95060aea4c94e9f237030a8f9eae5615e9bd85718fe3a09e4b58836
  rspec-mocks (3.13.7) sha256=0979034e64b1d7a838aaaddf12bf065ea4dc40ef3d4c39f01f93ae2c66c62b1c
  rspec-rails (8.0.3) sha256=b0a440e7a10700317d898a014852e26660867298c4076dbc3baa99c768b79dc1
  rspec-sorbet (1.9.2) sha256=28bf3969fa136ed22edd05b00d23aab52c276f2fcc89fccbb16b8fd0c48931c8
  rspec-support (3.13.7) sha256=0640e5570872aafefd79867901deeeeb40b0c9875a36b983d85f54fb7381c47c
  rubocop (1.85.0) sha256=317407feb681a07d54f64d2f9e1d6b6af1ce7678e51cd658e3ad8bd66da48c01
  rubocop-ast (1.49.0) sha256=49c3676d3123a0923d333e20c6c2dbaaae2d2287b475273fddee0c61da9f71fd
  rubocop-factory_bot (2.28.0) sha256=4b17fc02124444173317e131759d195b0d762844a71a29fe8139c1105d92f0cb
  rubocop-performance (1.26.1) sha256=cd19b936ff196df85829d264b522fd4f98b6c89ad271fa52744a8c11b8f71834
  rubocop-rails (2.34.3) sha256=10d37989024865ecda8199f311f3faca990143fbac967de943f88aca11eb9ad2
  rubocop-rspec (3.9.0) sha256=8fa70a3619408237d789aeecfb9beef40576acc855173e60939d63332fdb55e2
  rubocop-shopify (2.18.0) sha256=dafa25e5617ce4600ff86b1de3d5b78e43ab3d58cc5729df38e492b8e10294eb
  rubocop-thread_safety (0.7.3) sha256=067cdd52fbf5deffc18995437e45b5194236eaff4f71de3375a1f6052e48f431
  ruby-progressbar (1.13.0) sha256=80fc9c47a9b640d6834e0dc7b3c94c9df37f08cb072b7761e4a71e22cff29b33
  ruby-rc4 (0.1.5) sha256=00cc40a39d20b53f5459e7ea006a92cf584e9bc275e2a6f7aa1515510e896c03
  rubyzip (3.2.2) sha256=c0ed99385f0625415c8f05bcae33fe649ed2952894a95ff8b08f26ca57ea5b3c
  safety_net_attestation (0.5.0) sha256=c8cd01dd550dbe8553862918af6355a04672db11d218ec96104ce3955293f2aa
  securerandom (0.4.1) sha256=cc5193d414a4341b6e225f0cb4446aceca8e50d5e1888743fac16987638ea0b1
  selenium-webdriver (4.41.0) sha256=cdc1173cd55cf186022cea83156cc2d0bec06d337e039b02ad25d94e41bedd22
  sentry-rails (6.4.0) sha256=ad0ebbb2dc331d3488561f6245cdcf6709768cfd2c93ef59f73c6675c7a8f93c
  sentry-ruby (6.4.0) sha256=562bee79aea8f92825ac9df3ea01cc7788f9170d382f8d38947895280dc3be06
  shortener (1.0.2) sha256=f26e91c43e8047fe648699c9e73320213f0dfc415ba177e5514c73d6d628134d
  signet (0.21.0) sha256=d617e9fbf24928280d39dcfefba9a0372d1c38187ffffd0a9283957a10a8cd5b
  simplecov (0.22.0) sha256=fe2622c7834ff23b98066bb0a854284b2729a569ac659f82621fc22ef36213a5
  simplecov-html (0.13.2) sha256=bd0b8e54e7c2d7685927e8d6286466359b6f16b18cb0df47b508e8d73c777246
  simplecov_json_formatter (0.1.4) sha256=529418fbe8de1713ac2b2d612aa3daa56d316975d307244399fa4838c601b428
  solid_queue (1.3.2) sha256=44a53047be4255f616ff13fa5d35980e7b3eee6e31d957eadb88fbe8e0db4509
  sorbet (0.6.12966) sha256=1c39c970bbd9b971a2ae6ac028bff71cb251b9fe29d4a82e8acee58984d86e10
  sorbet-runtime (0.6.12966) sha256=c004687d80d90a5e5fc211b655f640ee8b38369b71aec937f0cca069a181a287
  sorbet-static (0.6.12966-aarch64-linux) sha256=2dda0f7939b8d12983afa9541ac634ca1209261afe4865cd60455c790039335f
  sorbet-static (0.6.12966-universal-darwin) sha256=395779b7370f53a1c7762b3b1efed6b4a10ee91cd2b29372e5a9da7adb6d75c3
  sorbet-static (0.6.12966-x86_64-linux) sha256=e1eba4fd0ed8e4b682f6867e95ad14c6555ee450a72d913188cdc5535e81954f
  sorbet-static-and-runtime (0.6.12966) sha256=403985da03ce8c0ef373b794cab629604ec2426fc593be2caada402a14f9940e
  spoom (1.7.11) sha256=4e27384af6d3fde5aadc0287c51e6f76c0802259cbb3b6a67603bf718352f4cf
  sprockets (4.2.2) sha256=761e5a49f1c288704763f73139763564c845a8f856d52fba013458f8af1b59b1
  sprockets-rails (3.5.2) sha256=a9e88e6ce9f8c912d349aa5401509165ec42326baf9e942a85de4b76dbc4119e
  sqlite3 (2.9.0) sha256=ece9c00b32ec5f550d3a4a35c41ea8d738563589f090b9dfd0d510b7ae5f296c
  stackprof (0.2.28) sha256=4ec2ace02f386012b40ca20ef80c030ad711831f59511da12e83b34efb0f9a04
  state_machines (0.100.4) sha256=dd4e555ebb061569dd8fe18a5f39b51d10be6306b89a0c315a9697671d752565
  state_machines-activemodel (0.101.0) sha256=6798c6bf5aa4be2b1a00ca633949c999ebee7a148bd4ea8f6858b189e2cdf72d
  state_machines-activerecord (0.100.0) sha256=b2213f74f3f32c6d92de5139e8898bc64a0ffb3f048df7d950ce27e28384beb5
  stringio (3.2.0) sha256=c37cb2e58b4ffbd33fe5cd948c05934af997b36e0b6ca6fdf43afa234cf222e1
  syntax_tree (6.3.0) sha256=56e25a9692c798ec94c5442fe94c5e94af76bef91edc8bb02052cbdecf35f13d
  syntax_tree-haml (4.0.3) sha256=dcf676677dc28b0f4b908dd414c0e75721fbd6261a2d0f07b378246059196359
  syntax_tree-rbs (1.0.0) sha256=596728cb588a78a197f5b0c0d09e58a00bad1d9856dc3dfaa065199f521436bd
  tapioca (0.17.10) sha256=880a682ca8314f798dd09e9f104134fbf1a713c13be51f7dd4741dd434e6471b
  temple (0.10.4) sha256=b7a1e94b6f09038ab0b6e4fe0126996055da2c38bec53a8a336f075748fff72c
  thor (1.5.0) sha256=e3a9e55fe857e44859ce104a84675ab6e8cd59c650a49106a05f55f136425e73
  tilt (2.7.0) sha256=0d5b9ba69f6a36490c64b0eee9f6e9aad517e20dcc848800a06eb116f08c6ab3
  timeout (0.6.0) sha256=6d722ad619f96ee383a0c557ec6eb8c4ecb08af3af62098a0be5057bf00de1af
  tpm-key_attestation (0.14.1) sha256=7fd4e4653a7afd0a386632ddfb05d10ecfdd47678299c5e69165bc9ae111193f
  trailblazer-option (0.1.2) sha256=20e4f12ea4e1f718c8007e7944ca21a329eee4eed9e0fa5dde6e8ad8ac4344a3
  tsort (0.2.0) sha256=9650a793f6859a43b6641671278f79cfead60ac714148aabe4e3f0060480089f
  ttfunk (1.7.0) sha256=2370ba484b1891c70bdcafd3448cfd82a32dd794802d81d720a64c15d3ef2a96
  twilio-ruby (7.10.1) sha256=e631ca5d7f3976194d9db24bcfa2c3c639fe38d64e4f8d0bc345c9dbf3618e8a
  tzinfo (2.0.6) sha256=8daf828cc77bcf7d63b0e3bdb6caa47e2272dcfaf4fbfe46f8c3a9df087a829b
  uber (0.1.0) sha256=5beeb407ff807b5db994f82fa9ee07cfceaa561dad8af20be880bc67eba935dc
  unicode-display_width (3.2.0) sha256=0cdd96b5681a5949cdbc2c55e7b420facae74c4aaf9a9815eee1087cb1853c42
  unicode-emoji (4.2.0) sha256=519e69150f75652e40bf736106cfbc8f0f73aa3fb6a65afe62fefa7f80b0f80f
  uri (1.1.1) sha256=379fa58d27ffb1387eaada68c749d1426738bd0f654d812fcc07e7568f5c57c6
  useragent (0.16.11) sha256=700e6413ad4bb954bb63547fa098dddf7b0ebe75b40cc6f93b8d54255b173844
  vite_rails (3.0.20) sha256=582bf9aa3bc3b4d9b0a48c17862b4fa9bd17384ac597a57b7a38d2f95d96e682
  vite_ruby (3.9.3) sha256=560afb7dc01eb1fb2349c21b02e206f016ef7d59075daf00510caaf459b04a13
  voight_kampff (2.0.0) sha256=acfba1609010f2c08b7083a1e6a969d1f507c6013f45007847e35f02218ca883
  web-console (4.3.0) sha256=e13b71301cdfc2093f155b5aa3a622db80b4672d1f2f713119cc7ec7ac6a6da4
  web-push (3.1.0) sha256=501ab00340c58fb70dabda59f28a86b3cccb0930c6f1f30721b2a5b24de7187d
  webauthn (3.4.3) sha256=9be6f5f838f3405b0226e560aa40b67cc8c15ec9154509b997caa7ec9a05e1fc
  websocket (1.2.11) sha256=b7e7a74e2410b5e85c25858b26b3322f29161e300935f70a0e0d3c35e0462737
  websocket-driver (0.8.0) sha256=ed0dba4b943c22f17f9a734817e808bc84cdce6a7e22045f5315aa57676d4962
  websocket-extensions (0.1.5) sha256=1c6ba63092cda343eb53fc657110c71c754c56484aad42578495227d717a8241
  xpath (3.2.0) sha256=6dfda79d91bb3b949b947ecc5919f042ef2f399b904013eb3ef6d20dd3a4082e
  yard (0.9.38) sha256=721fb82afb10532aa49860655f6cc2eaa7130889df291b052e1e6b268283010f
  yard-sorbet (0.9.0) sha256=03d1aa461b9e9c82b886919a13aa3e09fcf4d1852239d2967ed97e92723ffe21
  zeitwerk (2.7.5) sha256=d8da92128c09ea6ec62c949011b00ed4a20242b255293dd66bf41545398f73dd

RUBY VERSION
  ruby 4.0.1

BUNDLED WITH
  4.0.7
